{
  "version": 4,
  "terraform_version": "1.2.8",
  "serial": 67,
  "lineage": "a3a72c8c-2400-5ce6-91a6-b9807a508a37",
  "outputs": {},
  "resources": [
    {
      "mode": "managed",
      "type": "lxd_cached_image",
      "name": "focal",
      "provider": "provider[\"registry.terraform.io/terraform-lxd/lxd\"]",
      "instances": [
        {
          "schema_version": 0,
          "attributes": {
            "aliases": [
              "ubuntu_20.04"
            ],
            "architecture": "x86_64",
            "copied_aliases": [],
            "copy_aliases": false,
            "created_at": 1661299200,
            "fingerprint": "e299296138c256b79dda4e61ac7454cf4ac134b43f5521f1ac894f49a9421d00",
            "id": "local/e299296138c256b79dda4e61ac7454cf4ac134b43f5521f1ac894f49a9421d00",
            "remote": null,
            "source_image": "e299296138c2",
            "source_remote": "ubuntu"
          },
          "sensitive_attributes": [],
          "private": "bnVsbA=="
        }
      ]
    },
    {
      "mode": "managed",
      "type": "lxd_network",
      "name": "pac_network",
      "provider": "provider[\"registry.terraform.io/terraform-lxd/lxd\"]",
      "instances": [
        {
          "schema_version": 0,
          "attributes": {
            "config": {
              "ipv4.address": "192.168.3.1/24",
              "ipv4.nat": "true"
            },
            "description": "",
            "id": "pac_dev",
            "managed": true,
            "name": "pac_dev",
            "remote": null,
            "target": null,
            "type": "bridge"
          },
          "sensitive_attributes": [],
          "private": "bnVsbA=="
        }
      ]
    },
    {
      "mode": "managed",
      "type": "lxd_storage_pool",
      "name": "pac_pool",
      "provider": "provider[\"registry.terraform.io/terraform-lxd/lxd\"]",
      "instances": [
        {
          "schema_version": 0,
          "attributes": {
            "config": {
              "size": "20GiB",
              "source": "/var/snap/lxd/common/lxd/disks/pac.img",
              "zfs.pool_name": "pac"
            },
            "driver": "zfs",
            "id": "pac",
            "name": "pac",
            "remote": null,
            "target": null
          },
          "sensitive_attributes": [],
          "private": "bnVsbA=="
        }
      ]
    },
    {
      "mode": "managed",
      "type": "lxd_volume",
      "name": "pac_volumes",
      "provider": "provider[\"registry.terraform.io/terraform-lxd/lxd\"]",
      "instances": [
        {
          "index_key": 0,
          "schema_version": 0,
          "attributes": {
            "config": {
              "size": "1GiB"
            },
            "expanded_config": {
              "size": "1GiB",
              "volatile.idmap.last": "[{\"Isuid\":true,\"Isgid\":false,\"Hostid\":1000000,\"Nsid\":0,\"Maprange\":1000000000},{\"Isuid\":false,\"Isgid\":true,\"Hostid\":1000000,\"Nsid\":0,\"Maprange\":1000000000}]",
              "volatile.idmap.next": "[{\"Isuid\":true,\"Isgid\":false,\"Hostid\":1000000,\"Nsid\":0,\"Maprange\":1000000000},{\"Isuid\":false,\"Isgid\":true,\"Hostid\":1000000,\"Nsid\":0,\"Maprange\":1000000000}]"
            },
            "id": "pac/pac-server-1.minio1/custom",
            "location": "none",
            "name": "pac-server-1.minio1",
            "pool": "pac",
            "remote": null,
            "target": null,
            "type": "custom"
          },
          "sensitive_attributes": [],
          "private": "bnVsbA==",
          "dependencies": [
            "lxd_storage_pool.pac_pool"
          ]
        },
        {
          "index_key": 1,
          "schema_version": 0,
          "attributes": {
            "config": {
              "size": "1GiB"
            },
            "expanded_config": {
              "size": "1GiB",
              "volatile.idmap.last": "[{\"Isuid\":true,\"Isgid\":false,\"Hostid\":1000000,\"Nsid\":0,\"Maprange\":1000000000},{\"Isuid\":false,\"Isgid\":true,\"Hostid\":1000000,\"Nsid\":0,\"Maprange\":1000000000}]",
              "volatile.idmap.next": "[{\"Isuid\":true,\"Isgid\":false,\"Hostid\":1000000,\"Nsid\":0,\"Maprange\":1000000000},{\"Isuid\":false,\"Isgid\":true,\"Hostid\":1000000,\"Nsid\":0,\"Maprange\":1000000000}]"
            },
            "id": "pac/pac-server-1.minio2/custom",
            "location": "none",
            "name": "pac-server-1.minio2",
            "pool": "pac",
            "remote": null,
            "target": null,
            "type": "custom"
          },
          "sensitive_attributes": [],
          "private": "bnVsbA==",
          "dependencies": [
            "lxd_storage_pool.pac_pool"
          ]
        },
        {
          "index_key": 2,
          "schema_version": 0,
          "attributes": {
            "config": {
              "size": "1GiB"
            },
            "expanded_config": {
              "size": "1GiB"
            },
            "id": "pac/pac-server-2.minio1/custom",
            "location": "none",
            "name": "pac-server-2.minio1",
            "pool": "pac",
            "remote": null,
            "target": null,
            "type": "custom"
          },
          "sensitive_attributes": [],
          "private": "bnVsbA==",
          "dependencies": [
            "lxd_storage_pool.pac_pool"
          ]
        },
        {
          "index_key": 3,
          "schema_version": 0,
          "attributes": {
            "config": {
              "size": "1GiB"
            },
            "expanded_config": {
              "size": "1GiB"
            },
            "id": "pac/pac-server-2.minio2/custom",
            "location": "none",
            "name": "pac-server-2.minio2",
            "pool": "pac",
            "remote": null,
            "target": null,
            "type": "custom"
          },
          "sensitive_attributes": [],
          "private": "bnVsbA==",
          "dependencies": [
            "lxd_storage_pool.pac_pool"
          ]
        }
      ]
    }
  ]
}
