{
  "version": 4,
  "terraform_version": "1.3.5",
  "serial": 18,
  "lineage": "ab956ea1-3b3b-980a-b181-b0c6eb5f3861",
  "outputs": {},
  "resources": [
    {
      "mode": "managed",
      "type": "lxd_network",
      "name": "new_default",
      "provider": "provider[\"registry.terraform.io/terraform-lxd/lxd\"]",
      "instances": [
        {
          "schema_version": 0,
          "attributes": {
            "config": {
              "ipv4.address": "10.150.19.1/24",
              "ipv4.nat": "true",
              "ipv6.address": "fd42:474b:622d:259d::1/64",
              "ipv6.nat": "true"
            },
            "description": "",
            "id": "new_default",
            "managed": true,
            "name": "new_default",
            "remote": null,
            "target": null,
            "type": "bridge"
          },
          "sensitive_attributes": [],
          "private": "bnVsbA=="
        }
      ]
    },
    {
      "mode": "managed",
      "type": "lxd_profile",
      "name": "profile1",
      "provider": "provider[\"registry.terraform.io/terraform-lxd/lxd\"]",
      "instances": [
        {
          "schema_version": 0,
          "attributes": {
            "config": null,
            "description": "",
            "device": [
              {
                "name": "eth0",
                "properties": {
                  "nictype": "bridged",
                  "parent": "new_default"
                },
                "type": "nic"
              },
              {
                "name": "root",
                "properties": {
                  "path": "/",
                  "pool": "default"
                },
                "type": "disk"
              }
            ],
            "id": "profile1",
            "name": "profile1",
            "remote": null
          },
          "sensitive_attributes": [],
          "private": "bnVsbA==",
          "dependencies": [
            "lxd_network.new_default"
          ]
        }
      ]
    }
  ],
  "check_results": null
}
