{
  "version": 4,
  "terraform_version": "1.2.8",
  "serial": 50,
  "lineage": "5b9d9b51-82fc-72fe-fc32-9d547b0254c0",
  "outputs": {},
  "resources": [
    {
      "mode": "managed",
      "type": "lxd_network",
      "name": "new_default",
      "provider": "provider[\"registry.terraform.io/terraform-lxd/lxd\"]",
      "instances": [
        {
          "schema_version": 0,
          "attributes": {
            "config": {
              "ipv4.address": "192.168.3.1/24",
              "ipv4.nat": "true",
              "ipv6.address": "fd42:e0d3:ab9c:1957::1/64",
              "ipv6.nat": "true"
            },
            "description": "",
            "id": "new_default",
            "managed": true,
            "name": "new_default",
            "remote": null,
            "target": null,
            "type": "bridge"
          },
          "sensitive_attributes": [],
          "private": "bnVsbA=="
        }
      ]
    },
    {
      "mode": "managed",
      "type": "lxd_profile",
      "name": "profile1",
      "provider": "provider[\"registry.terraform.io/terraform-lxd/lxd\"]",
      "instances": [
        {
          "schema_version": 0,
          "attributes": {
            "config": null,
            "description": "",
            "device": [
              {
                "name": "eth0",
                "properties": {
                  "ipv4.address": "192.168.3.3",
                  "nictype": "bridged",
                  "parent": "new_default"
                },
                "type": "nic"
              }
            ],
            "id": "profile1",
            "name": "profile1",
            "remote": null
          },
          "sensitive_attributes": [],
          "private": "bnVsbA==",
          "dependencies": [
            "lxd_network.new_default"
          ]
        }
      ]
    }
  ]
}
