{
  "version": 4,
  "terraform_version": "1.3.6",
  "serial": 287,
  "lineage": "b4f51d23-2b8d-8ff5-1d3f-50ae99017f39",
  "outputs": {},
  "resources": [
    {
      "mode": "managed",
      "type": "lxd_container",
      "name": "droplets",
      "provider": "provider[\"registry.terraform.io/terraform-lxd/lxd\"]",
      "instances": [
        {
          "index_key": 0,
          "schema_version": 0,
          "attributes": {
            "config": {
              "boot.autostart": "true",
              "security.nesting": "true",
              "security.syscalls.intercept.mknod": "true",
              "security.syscalls.intercept.setxattr": "true",
              "user.network-config": "\"network\":\n  \"ethernets\":\n    \"eth0\":\n      \"dhcp4\": true\n      \"dhcp4-overrides\":\n        \"use-dns\": false\n      \"nameservers\":\n        \"addresses\":\n        - \"127.0.0.1\"\n        - \"8.8.8.8\"\n  \"version\": 2\n\n",
              "user.user-data": "#cloud-config\n\n\"packages\":\n- \"python3-pip\"\n- \"docker.io\"\n\"runcmd\":\n- - \"pip3\"\n  - \"install\"\n  - \"docker\"\n- - \"unlink\"\n  - \"/etc/resolv.conf\"\n- - \"ln\"\n  - \"-sf\"\n  - \"/run/systemd/resolve/resolv.conf\"\n  - \"/etc/resolv.conf\"\n- - \"systemctl\"\n  - \"restart\"\n  - \"--no-block\"\n  - \"systemd-resolved\"\n\"users\":\n- \"groups\": \"sudo, docker\"\n  \"name\": \"user\"\n  \"primary_group\": \"user\"\n  \"shell\": \"/bin/bash\"\n  \"ssh_authorized_keys\":\n  - \"ssh-rsa AAAAB3NzaC1yc2EAAAADAQABAAABAQCrwzPWq1S1kXfgDUL3ylyWZrPBi9RjdgDrVWgHfOrBe+lDqpV2G68JDhDztRhgjWSkWg3zSdkAZcrW2AFZ3Uq2jovCpZqcYeWYvo1RDUKKfEb1LYdEkLrVlPCv1IY7b8UYgBoFIs9UKW1j1q/81BTy8cTWX+5g8yPy8cEiF5HxEEIOSTTzlcvVQJCGiLTuopJL5Yrgrw/e/OdOU4GcH/K8RntsShEFVkGvhZW8gfFHB4PjbgIjFdQ/kA4goIPxFgcbRK8L5rwvl2zmH1MmjA2SdFdmNMsuKWn/Xor4goSCJk0xEdIUXF4FysygI5bVj77Y1JjGANft+WQbrW4vBBIt\n    travis@travis\"\n  \"sudo\": \"ALL=(ALL) NOPASSWD:ALL\"\n\n"
            },
            "device": [
              {
                "name": "eth0",
                "properties": {
                  "ipv4.address": "192.168.4.2",
                  "nictype": "bridged",
                  "parent": "playground"
                },
                "type": "nic"
              },
              {
                "name": "root",
                "properties": {
                  "path": "/",
                  "pool": "playground",
                  "size": "15GiB"
                },
                "type": "disk"
              }
            ],
            "ephemeral": false,
            "file": [],
            "id": "host1",
            "image": "ubuntu_22.04",
            "ip_address": "192.168.4.2",
            "ipv4_address": "192.168.4.2",
            "ipv6_address": "fd42:89ae:8a9b:15ee:216:3eff:fe2f:c7ab",
            "limits": {
              "cpu": "1",
              "memory": "2048MiB"
            },
            "mac_address": "00:16:3e:2f:c7:ab",
            "name": "host1",
            "privileged": false,
            "profiles": [
              "default"
            ],
            "remote": null,
            "start_container": true,
            "status": "Running",
            "target": "none",
            "type": "container",
            "wait_for_network": true
          },
          "sensitive_attributes": [],
          "private": "bnVsbA==",
          "dependencies": [
            "lxd_network.network",
            "lxd_storage_pool.pool"
          ]
        }
      ]
    },
    {
      "mode": "managed",
      "type": "lxd_network",
      "name": "network",
      "provider": "provider[\"registry.terraform.io/terraform-lxd/lxd\"]",
      "instances": [
        {
          "schema_version": 0,
          "attributes": {
            "config": {
              "ipv4.address": "192.168.4.1/24",
              "ipv4.nat": "true",
              "ipv6.address": "fd42:89ae:8a9b:15ee::1/64",
              "ipv6.nat": "true"
            },
            "description": "",
            "id": "playground",
            "managed": true,
            "name": "playground",
            "remote": null,
            "target": null,
            "type": "bridge"
          },
          "sensitive_attributes": [],
          "private": "bnVsbA=="
        }
      ]
    },
    {
      "mode": "managed",
      "type": "lxd_storage_pool",
      "name": "pool",
      "provider": "provider[\"registry.terraform.io/terraform-lxd/lxd\"]",
      "instances": [
        {
          "schema_version": 0,
          "attributes": {
            "config": {
              "lvm.thinpool_name": "LXDThinPool",
              "lvm.vg_name": "playground",
              "size": "65GiB",
              "source": "/var/snap/lxd/common/lxd/disks/playground.img",
              "volume.block.filesystem": "ext4"
            },
            "driver": "lvm",
            "id": "playground",
            "name": "playground",
            "remote": null,
            "target": null
          },
          "sensitive_attributes": [],
          "private": "bnVsbA=="
        }
      ]
    }
  ],
  "check_results": null
}
