{
  "version": 4,
  "terraform_version": "1.3.5",
  "serial": 75,
  "lineage": "c3cb7082-4219-5977-3f5a-b5c6a0f35a62",
  "outputs": {
    "config": {
      "value": {
        "droplets": [
          {
            "config": {
              "boot.autostart": "true",
              "user.user-data": "#cloud-config\n\n\"users\":\n- \"groups\": \"sudo\"\n  \"name\": \"user\"\n  \"primary_group\": \"user\"\n  \"shell\": \"/bin/bash\"\n  \"ssh_authorized_keys\":\n  - \"ssh-rsa AAAAB3NzaC1yc2EAAAADAQABAAABgQCxUXvd/dpkWzdf1zNT2Oq7fFV9VVEiznUp7Rezs1Kn6ARebsLoP6TsSxbGcVOXxfXz2764q8sMHmNbQ7yqxy4AvcYbSZEIOSLVs7ioPYSUQ3jBqeVvCI/lgPacBEWSLqpKYXLntsT/GF9N2D7Z60rYhUMFY0f+oPTcYtb8w8rYLQ+o5zUE0V6j2PjLqMQjvc4i/z8GvJ5QzpeS/TTj3ZRxS7AasyOY9fb1DPgzET6tD6NOyTO5iz9LMO9uEwjieqoSbjP+u6RUhW/WVdWO1M6qAxppbiDkj9pnpfHWfMS4doeigXfU4gt7HQ7bgzG5PRGgJKCCFOnO1wkjMYgzI6a56x8B8nvSjf2taBOVfjYl71g1GbBn23S3LY1sOyvUDkTH2D5W9pr9GRIqzzeAQKppk/xL9KWahouSjjhRUxPzr24tcQwIiLZ1nmd2ZTO/AJ0LQgEzqiWZ24xMWfIBIXgkfw2MG0os8b9BT/QDMh1qcZnfpeDSyDUEAGZ802DMGzc=\n    travis@pop-os\"\n  \"sudo\": \"ALL=(ALL) NOPASSWD:ALL\"\n\n"
            },
            "device": [
              {
                "name": "eth0",
                "properties": {
                  "ipv4.address": "192.168.4.2",
                  "nictype": "bridged",
                  "parent": "playground"
                },
                "type": "nic"
              },
              {
                "name": "root",
                "properties": {
                  "path": "/",
                  "pool": "playground"
                },
                "type": "disk"
              }
            ],
            "ephemeral": false,
            "file": [],
            "id": "host1",
            "image": "ubuntu:e299296138c2",
            "ip_address": "192.168.4.2",
            "ipv4_address": "192.168.4.2",
            "ipv6_address": "fd42:f5b0:164f:2e59:216:3eff:fe79:ac9f",
            "limits": {
              "cpu": "1",
              "memory": "2048MiB"
            },
            "mac_address": "00:16:3e:79:ac:9f",
            "name": "host1",
            "privileged": false,
            "profiles": [
              "default"
            ],
            "remote": null,
            "start_container": true,
            "status": "Running",
            "target": "none",
            "type": "container",
            "wait_for_network": true
          }
        ]
      },
      "type": [
        "object",
        {
          "droplets": [
            "tuple",
            [
              [
                "object",
                {
                  "config": [
                    "map",
                    "string"
                  ],
                  "device": [
                    "set",
                    [
                      "object",
                      {
                        "name": "string",
                        "properties": [
                          "map",
                          "string"
                        ],
                        "type": "string"
                      }
                    ]
                  ],
                  "ephemeral": "bool",
                  "file": [
                    "list",
                    [
                      "object",
                      {
                        "content": "string",
                        "create_directories": "bool",
                        "gid": "number",
                        "mode": "string",
                        "source": "string",
                        "target_file": "string",
                        "uid": "number"
                      }
                    ]
                  ],
                  "id": "string",
                  "image": "string",
                  "ip_address": "string",
                  "ipv4_address": "string",
                  "ipv6_address": "string",
                  "limits": [
                    "map",
                    "string"
                  ],
                  "mac_address": "string",
                  "name": "string",
                  "privileged": "bool",
                  "profiles": [
                    "list",
                    "string"
                  ],
                  "remote": "string",
                  "start_container": "bool",
                  "status": "string",
                  "target": "string",
                  "type": "string",
                  "wait_for_network": "bool"
                }
              ]
            ]
          ]
        }
      ]
    }
  },
  "resources": [
    {
      "mode": "managed",
      "type": "lxd_container",
      "name": "droplets",
      "provider": "provider[\"registry.terraform.io/terraform-lxd/lxd\"]",
      "instances": [
        {
          "index_key": 0,
          "schema_version": 0,
          "attributes": {
            "config": {
              "boot.autostart": "true",
              "user.user-data": "#cloud-config\n\n\"users\":\n- \"groups\": \"sudo\"\n  \"name\": \"user\"\n  \"primary_group\": \"user\"\n  \"shell\": \"/bin/bash\"\n  \"ssh_authorized_keys\":\n  - \"ssh-rsa AAAAB3NzaC1yc2EAAAADAQABAAABgQCxUXvd/dpkWzdf1zNT2Oq7fFV9VVEiznUp7Rezs1Kn6ARebsLoP6TsSxbGcVOXxfXz2764q8sMHmNbQ7yqxy4AvcYbSZEIOSLVs7ioPYSUQ3jBqeVvCI/lgPacBEWSLqpKYXLntsT/GF9N2D7Z60rYhUMFY0f+oPTcYtb8w8rYLQ+o5zUE0V6j2PjLqMQjvc4i/z8GvJ5QzpeS/TTj3ZRxS7AasyOY9fb1DPgzET6tD6NOyTO5iz9LMO9uEwjieqoSbjP+u6RUhW/WVdWO1M6qAxppbiDkj9pnpfHWfMS4doeigXfU4gt7HQ7bgzG5PRGgJKCCFOnO1wkjMYgzI6a56x8B8nvSjf2taBOVfjYl71g1GbBn23S3LY1sOyvUDkTH2D5W9pr9GRIqzzeAQKppk/xL9KWahouSjjhRUxPzr24tcQwIiLZ1nmd2ZTO/AJ0LQgEzqiWZ24xMWfIBIXgkfw2MG0os8b9BT/QDMh1qcZnfpeDSyDUEAGZ802DMGzc=\n    travis@pop-os\"\n  \"sudo\": \"ALL=(ALL) NOPASSWD:ALL\"\n\n"
            },
            "device": [
              {
                "name": "eth0",
                "properties": {
                  "ipv4.address": "192.168.4.2",
                  "nictype": "bridged",
                  "parent": "playground"
                },
                "type": "nic"
              },
              {
                "name": "root",
                "properties": {
                  "path": "/",
                  "pool": "playground"
                },
                "type": "disk"
              }
            ],
            "ephemeral": false,
            "file": [],
            "id": "host1",
            "image": "ubuntu:e299296138c2",
            "ip_address": "192.168.4.2",
            "ipv4_address": "192.168.4.2",
            "ipv6_address": "fd42:f5b0:164f:2e59:216:3eff:fe79:ac9f",
            "limits": {
              "cpu": "1",
              "memory": "2048MiB"
            },
            "mac_address": "00:16:3e:79:ac:9f",
            "name": "host1",
            "privileged": false,
            "profiles": [
              "default"
            ],
            "remote": null,
            "start_container": true,
            "status": "Running",
            "target": "none",
            "type": "container",
            "wait_for_network": true
          },
          "sensitive_attributes": [],
          "private": "bnVsbA==",
          "dependencies": [
            "lxd_network.network",
            "lxd_storage_pool.pool"
          ]
        }
      ]
    },
    {
      "mode": "managed",
      "type": "lxd_network",
      "name": "network",
      "provider": "provider[\"registry.terraform.io/terraform-lxd/lxd\"]",
      "instances": [
        {
          "schema_version": 0,
          "attributes": {
            "config": {
              "ipv4.address": "192.168.4.1/24",
              "ipv4.nat": "true",
              "ipv6.address": "fd42:f5b0:164f:2e59::1/64",
              "ipv6.nat": "true"
            },
            "description": "",
            "id": "playground",
            "managed": true,
            "name": "playground",
            "remote": null,
            "target": null,
            "type": "bridge"
          },
          "sensitive_attributes": [],
          "private": "bnVsbA=="
        }
      ]
    },
    {
      "mode": "managed",
      "type": "lxd_storage_pool",
      "name": "pool",
      "provider": "provider[\"registry.terraform.io/terraform-lxd/lxd\"]",
      "instances": [
        {
          "schema_version": 0,
          "attributes": {
            "config": {
              "lvm.thinpool_name": "LXDThinPool",
              "lvm.vg_name": "playground",
              "size": "20GiB",
              "source": "/var/snap/lxd/common/lxd/disks/playground.img",
              "volume.block.filesystem": "xfs"
            },
            "driver": "lvm",
            "id": "playground",
            "name": "playground",
            "remote": null,
            "target": null
          },
          "sensitive_attributes": [],
          "private": "bnVsbA=="
        }
      ]
    }
  ],
  "check_results": null
}
